
Microsoft Visual Studio Solution File, Format Version 12.00
# Visual Studio 15
VisualStudioVersion = 15.0.28307.572
MinimumVisualStudioVersion = 10.0.40219.1
Project("{FAE04EC0-301F-11D3-BF4B-00C04F79EFBC}") = "TheInternationalHubApi", "TheInternationalHubApi\TheInternationalHubApi.csproj", "{AA3DD4E1-F1E9-4414-B86E-DC45F62DC391}"
EndProject
Global
	GlobalSection(SolutionConfigurationPlatforms) = preSolution
		Debug|Any CPU = Debug|Any CPU
		Release|Any CPU = Release|Any CPU
	EndGlobalSection
	GlobalSection(ProjectConfigurationPlatforms) = postSolution
		{AA3DD4E1-F1E9-4414-B86E-DC45F62DC391}.Debug|Any CPU.ActiveCfg = Debug|Any CPU
		{AA3DD4E1-F1E9-4414-B86E-DC45F62DC391}.Debug|Any CPU.Build.0 = Debug|Any CPU
		{AA3DD4E1-F1E9-4414-B86E-DC45F62DC391}.Release|Any CPU.ActiveCfg = Release|Any CPU
		{AA3DD4E1-F1E9-4414-B86E-DC45F62DC391}.Release|Any CPU.Build.0 = Release|Any CPU
	EndGlobalSection
	GlobalSection(SolutionProperties) = preSolution
		HideSolutionNode = FALSE
	EndGlobalSection
	GlobalSection(ExtensibilityGlobals) = postSolution
		SolutionGuid = {249A1634-766F-4BDA-803E-443F8361F788}
	EndGlobalSection
EndGlobal
